
Microsoft Visual Studio Solution File, Format Version 12.00
# Visual Studio 2013
VisualStudioVersion = 12.0.40629.0
MinimumVisualStudioVersion = 10.0.40219.1
Project("{E24C65DC-7377-472B-9ABA-BC803B73C61A}") = "OnlineStore", "http://localhost:63443", "{C57CF4ED-25F2-4135-A29F-E8E8466F7612}"
	ProjectSection(WebsiteProperties) = preProject
		UseIISExpress = "true"
		TargetFrameworkMoniker = ".NETFramework,Version%3Dv4.6"
		Debug.AspNetCompiler.VirtualPath = "/localhost_63443"
		Debug.AspNetCompiler.PhysicalPath = "..\OnlineStore\"
		Debug.AspNetCompiler.TargetPath = "PrecompiledWeb\localhost_63443\"
		Debug.AspNetCompiler.Updateable = "true"
		Debug.AspNetCompiler.ForceOverwrite = "true"
		Debug.AspNetCompiler.FixedNames = "false"
		Debug.AspNetCompiler.Debug = "True"
		Release.AspNetCompiler.VirtualPath = "/localhost_63443"
		Release.AspNetCompiler.PhysicalPath = "..\OnlineStore\"
		Release.AspNetCompiler.TargetPath = "PrecompiledWeb\localhost_63443\"
		Release.AspNetCompiler.Updateable = "true"
		Release.AspNetCompiler.ForceOverwrite = "true"
		Release.AspNetCompiler.FixedNames = "false"
		Release.AspNetCompiler.Debug = "False"
		SlnRelativePath = "..\OnlineStore\"
	EndProjectSection
EndProject
Project("{FAE04EC0-301F-11D3-BF4B-00C04F79EFBC}") = "Repositories", "..\Repositories\Repositories.csproj", "{FD8F122A-C477-4EB8-97A6-AC7B9F183F54}"
EndProject
Global
	GlobalSection(SolutionConfigurationPlatforms) = preSolution
		Debug|Any CPU = Debug|Any CPU
		Release|Any CPU = Release|Any CPU
	EndGlobalSection
	GlobalSection(ProjectConfigurationPlatforms) = postSolution
		{C57CF4ED-25F2-4135-A29F-E8E8466F7612}.Debug|Any CPU.ActiveCfg = Debug|Any CPU
		{C57CF4ED-25F2-4135-A29F-E8E8466F7612}.Debug|Any CPU.Build.0 = Debug|Any CPU
		{C57CF4ED-25F2-4135-A29F-E8E8466F7612}.Release|Any CPU.ActiveCfg = Debug|Any CPU
		{C57CF4ED-25F2-4135-A29F-E8E8466F7612}.Release|Any CPU.Build.0 = Debug|Any CPU
		{FD8F122A-C477-4EB8-97A6-AC7B9F183F54}.Debug|Any CPU.ActiveCfg = Debug|Any CPU
		{FD8F122A-C477-4EB8-97A6-AC7B9F183F54}.Debug|Any CPU.Build.0 = Debug|Any CPU
		{FD8F122A-C477-4EB8-97A6-AC7B9F183F54}.Release|Any CPU.ActiveCfg = Release|Any CPU
		{FD8F122A-C477-4EB8-97A6-AC7B9F183F54}.Release|Any CPU.Build.0 = Release|Any CPU
	EndGlobalSection
	GlobalSection(SolutionProperties) = preSolution
		HideSolutionNode = FALSE
	EndGlobalSection
EndGlobal
