
Microsoft Visual Studio Solution File, Format Version 12.00
# Visual Studio 14
VisualStudioVersion = 14.0.24720.0
MinimumVisualStudioVersion = 10.0.40219.1
Project("{E24C65DC-7377-472B-9ABA-BC803B73C61A}") = "DaysOfWeek", ".", "{EDD99A32-AAA8-4364-983D-C7C9F54BD109}"
	ProjectSection(WebsiteProperties) = preProject
		TargetFrameworkMoniker = ".NETFramework,Version%3Dv4.5.2"
		ProjectReferences = "{d7785902-62a0-45e3-909b-08101dd6ebbf}|DaysOfWeek.dll;"
		Debug.AspNetCompiler.VirtualPath = "/localhost_51173"
		Debug.AspNetCompiler.PhysicalPath = "..\DaysOfWeek\"
		Debug.AspNetCompiler.TargetPath = "PrecompiledWeb\localhost_51173\"
		Debug.AspNetCompiler.Updateable = "true"
		Debug.AspNetCompiler.ForceOverwrite = "true"
		Debug.AspNetCompiler.FixedNames = "false"
		Debug.AspNetCompiler.Debug = "True"
		Release.AspNetCompiler.VirtualPath = "/localhost_51173"
		Release.AspNetCompiler.PhysicalPath = "..\DaysOfWeek\"
		Release.AspNetCompiler.TargetPath = "PrecompiledWeb\localhost_51173\"
		Release.AspNetCompiler.Updateable = "true"
		Release.AspNetCompiler.ForceOverwrite = "true"
		Release.AspNetCompiler.FixedNames = "false"
		Release.AspNetCompiler.Debug = "False"
		VWDPort = "51173"
		SlnRelativePath = "..\DaysOfWeek\"
	EndProjectSection
EndProject
Project("{FAE04EC0-301F-11D3-BF4B-00C04F79EFBC}") = "DaysOfWeekCustomControl", "..\CustomControlForDaysOfWeek\DaysOfWeekCustomControl.csproj", "{D7785902-62A0-45E3-909B-08101DD6EBBF}"
EndProject
Global
	GlobalSection(SolutionConfigurationPlatforms) = preSolution
		Debug|Any CPU = Debug|Any CPU
		Release|Any CPU = Release|Any CPU
	EndGlobalSection
	GlobalSection(ProjectConfigurationPlatforms) = postSolution
		{EDD99A32-AAA8-4364-983D-C7C9F54BD109}.Debug|Any CPU.ActiveCfg = Debug|Any CPU
		{EDD99A32-AAA8-4364-983D-C7C9F54BD109}.Debug|Any CPU.Build.0 = Debug|Any CPU
		{EDD99A32-AAA8-4364-983D-C7C9F54BD109}.Release|Any CPU.ActiveCfg = Debug|Any CPU
		{EDD99A32-AAA8-4364-983D-C7C9F54BD109}.Release|Any CPU.Build.0 = Debug|Any CPU
		{D7785902-62A0-45E3-909B-08101DD6EBBF}.Debug|Any CPU.ActiveCfg = Debug|Any CPU
		{D7785902-62A0-45E3-909B-08101DD6EBBF}.Debug|Any CPU.Build.0 = Debug|Any CPU
		{D7785902-62A0-45E3-909B-08101DD6EBBF}.Release|Any CPU.ActiveCfg = Release|Any CPU
		{D7785902-62A0-45E3-909B-08101DD6EBBF}.Release|Any CPU.Build.0 = Release|Any CPU
	EndGlobalSection
	GlobalSection(SolutionProperties) = preSolution
		HideSolutionNode = FALSE
	EndGlobalSection
EndGlobal
