
Microsoft Visual Studio Solution File, Format Version 12.00
# Visual Studio 14
VisualStudioVersion = 14.0.24720.0
MinimumVisualStudioVersion = 10.0.40219.1
Project("{E24C65DC-7377-472B-9ABA-BC803B73C61A}") = "ControlsTest", ".", "{FFFC57F8-9784-4D85-BC18-40C7DEBE6D39}"
	ProjectSection(WebsiteProperties) = preProject
		TargetFrameworkMoniker = ".NETFramework,Version%3Dv4.5.2"
		Debug.AspNetCompiler.VirtualPath = "/localhost_50167"
		Debug.AspNetCompiler.PhysicalPath = "..\ControlsTest\"
		Debug.AspNetCompiler.TargetPath = "PrecompiledWeb\localhost_50167\"
		Debug.AspNetCompiler.Updateable = "true"
		Debug.AspNetCompiler.ForceOverwrite = "true"
		Debug.AspNetCompiler.FixedNames = "false"
		Debug.AspNetCompiler.Debug = "True"
		Release.AspNetCompiler.VirtualPath = "/localhost_50167"
		Release.AspNetCompiler.PhysicalPath = "..\ControlsTest\"
		Release.AspNetCompiler.TargetPath = "PrecompiledWeb\localhost_50167\"
		Release.AspNetCompiler.Updateable = "true"
		Release.AspNetCompiler.ForceOverwrite = "true"
		Release.AspNetCompiler.FixedNames = "false"
		Release.AspNetCompiler.Debug = "False"
		VWDPort = "50167"
		SlnRelativePath = "..\ControlsTest\"
	EndProjectSection
EndProject
Global
	GlobalSection(SolutionConfigurationPlatforms) = preSolution
		Debug|Any CPU = Debug|Any CPU
	EndGlobalSection
	GlobalSection(ProjectConfigurationPlatforms) = postSolution
		{FFFC57F8-9784-4D85-BC18-40C7DEBE6D39}.Debug|Any CPU.ActiveCfg = Debug|Any CPU
		{FFFC57F8-9784-4D85-BC18-40C7DEBE6D39}.Debug|Any CPU.Build.0 = Debug|Any CPU
	EndGlobalSection
	GlobalSection(SolutionProperties) = preSolution
		HideSolutionNode = FALSE
	EndGlobalSection
EndGlobal
