
Microsoft Visual Studio Solution File, Format Version 12.00
# Visual Studio 2013
VisualStudioVersion = 12.0.21005.1
MinimumVisualStudioVersion = 10.0.40219.1
Project("{FAE04EC0-301F-11D3-BF4B-00C04F79EFBC}") = "CarRent", "CarRent\CarRent.csproj", "{A0D8CFAF-7319-4A98-82CD-5B6A7590247C}"
EndProject
Project("{FAE04EC0-301F-11D3-BF4B-00C04F79EFBC}") = "CarRent.Tests", "CarRent.Tests\CarRent.Tests.csproj", "{B727EBBF-DA47-421B-9812-EEDBA3AF7B4A}"
EndProject
Project("{FAE04EC0-301F-11D3-BF4B-00C04F79EFBC}") = "Infrastruction", "Infrastruction\Infrastruction.csproj", "{D4204EE1-5BF4-49D4-842C-ACB216992AA8}"
EndProject
Project("{FAE04EC0-301F-11D3-BF4B-00C04F79EFBC}") = "CarRentContext", "CarDataContext\CarRentContext.csproj", "{020AD6ED-EAC5-4FCC-AADF-2FB64B174570}"
EndProject
Project("{FAE04EC0-301F-11D3-BF4B-00C04F79EFBC}") = "FakeServiceLayer", "FakeServiceLayer\FakeServiceLayer.csproj", "{5539A74B-F5E4-4127-82C7-7E79DEC77E0B}"
EndProject
Global
	GlobalSection(SolutionConfigurationPlatforms) = preSolution
		Debug|Any CPU = Debug|Any CPU
		Release|Any CPU = Release|Any CPU
	EndGlobalSection
	GlobalSection(ProjectConfigurationPlatforms) = postSolution
		{A0D8CFAF-7319-4A98-82CD-5B6A7590247C}.Debug|Any CPU.ActiveCfg = Debug|Any CPU
		{A0D8CFAF-7319-4A98-82CD-5B6A7590247C}.Debug|Any CPU.Build.0 = Debug|Any CPU
		{A0D8CFAF-7319-4A98-82CD-5B6A7590247C}.Release|Any CPU.ActiveCfg = Release|Any CPU
		{A0D8CFAF-7319-4A98-82CD-5B6A7590247C}.Release|Any CPU.Build.0 = Release|Any CPU
		{B727EBBF-DA47-421B-9812-EEDBA3AF7B4A}.Debug|Any CPU.ActiveCfg = Debug|Any CPU
		{B727EBBF-DA47-421B-9812-EEDBA3AF7B4A}.Debug|Any CPU.Build.0 = Debug|Any CPU
		{B727EBBF-DA47-421B-9812-EEDBA3AF7B4A}.Release|Any CPU.ActiveCfg = Release|Any CPU
		{B727EBBF-DA47-421B-9812-EEDBA3AF7B4A}.Release|Any CPU.Build.0 = Release|Any CPU
		{D4204EE1-5BF4-49D4-842C-ACB216992AA8}.Debug|Any CPU.ActiveCfg = Debug|Any CPU
		{D4204EE1-5BF4-49D4-842C-ACB216992AA8}.Debug|Any CPU.Build.0 = Debug|Any CPU
		{D4204EE1-5BF4-49D4-842C-ACB216992AA8}.Release|Any CPU.ActiveCfg = Release|Any CPU
		{D4204EE1-5BF4-49D4-842C-ACB216992AA8}.Release|Any CPU.Build.0 = Release|Any CPU
		{020AD6ED-EAC5-4FCC-AADF-2FB64B174570}.Debug|Any CPU.ActiveCfg = Debug|Any CPU
		{020AD6ED-EAC5-4FCC-AADF-2FB64B174570}.Debug|Any CPU.Build.0 = Debug|Any CPU
		{020AD6ED-EAC5-4FCC-AADF-2FB64B174570}.Release|Any CPU.ActiveCfg = Release|Any CPU
		{020AD6ED-EAC5-4FCC-AADF-2FB64B174570}.Release|Any CPU.Build.0 = Release|Any CPU
		{5539A74B-F5E4-4127-82C7-7E79DEC77E0B}.Debug|Any CPU.ActiveCfg = Debug|Any CPU
		{5539A74B-F5E4-4127-82C7-7E79DEC77E0B}.Debug|Any CPU.Build.0 = Debug|Any CPU
		{5539A74B-F5E4-4127-82C7-7E79DEC77E0B}.Release|Any CPU.ActiveCfg = Release|Any CPU
		{5539A74B-F5E4-4127-82C7-7E79DEC77E0B}.Release|Any CPU.Build.0 = Release|Any CPU
	EndGlobalSection
	GlobalSection(SolutionProperties) = preSolution
		HideSolutionNode = FALSE
	EndGlobalSection
EndGlobal
