
Microsoft Visual Studio Solution File, Format Version 12.00
# Visual Studio 2013
VisualStudioVersion = 12.0.40629.0
MinimumVisualStudioVersion = 10.0.40219.1
Project("{FAE04EC0-301F-11D3-BF4B-00C04F79EFBC}") = "NewsWebsite", "NewsWebsite\NewsWebsite.csproj", "{05078FE0-45D1-4C76-8DA0-F4A5DAFC65FA}"
EndProject
Project("{FAE04EC0-301F-11D3-BF4B-00C04F79EFBC}") = "NewsDataAccess", "NewsDataAccess\NewsDataAccess.csproj", "{7F307DDF-D925-4FEC-BCCD-7293567AB419}"
EndProject
Global
	GlobalSection(SolutionConfigurationPlatforms) = preSolution
		2013|Any CPU = 2013|Any CPU
		2015|Any CPU = 2015|Any CPU
		Debug|Any CPU = Debug|Any CPU
		Release|Any CPU = Release|Any CPU
	EndGlobalSection
	GlobalSection(ProjectConfigurationPlatforms) = postSolution
		{05078FE0-45D1-4C76-8DA0-F4A5DAFC65FA}.2013|Any CPU.ActiveCfg = 2013|Any CPU
		{05078FE0-45D1-4C76-8DA0-F4A5DAFC65FA}.2013|Any CPU.Build.0 = 2013|Any CPU
		{05078FE0-45D1-4C76-8DA0-F4A5DAFC65FA}.2015|Any CPU.ActiveCfg = 2015|Any CPU
		{05078FE0-45D1-4C76-8DA0-F4A5DAFC65FA}.2015|Any CPU.Build.0 = 2015|Any CPU
		{05078FE0-45D1-4C76-8DA0-F4A5DAFC65FA}.Debug|Any CPU.ActiveCfg = Debug|Any CPU
		{05078FE0-45D1-4C76-8DA0-F4A5DAFC65FA}.Debug|Any CPU.Build.0 = Debug|Any CPU
		{05078FE0-45D1-4C76-8DA0-F4A5DAFC65FA}.Release|Any CPU.ActiveCfg = Release|Any CPU
		{05078FE0-45D1-4C76-8DA0-F4A5DAFC65FA}.Release|Any CPU.Build.0 = Release|Any CPU
		{7F307DDF-D925-4FEC-BCCD-7293567AB419}.2013|Any CPU.ActiveCfg = 2013|Any CPU
		{7F307DDF-D925-4FEC-BCCD-7293567AB419}.2013|Any CPU.Build.0 = 2013|Any CPU
		{7F307DDF-D925-4FEC-BCCD-7293567AB419}.2015|Any CPU.ActiveCfg = 2015|Any CPU
		{7F307DDF-D925-4FEC-BCCD-7293567AB419}.2015|Any CPU.Build.0 = 2015|Any CPU
		{7F307DDF-D925-4FEC-BCCD-7293567AB419}.Debug|Any CPU.ActiveCfg = Debug|Any CPU
		{7F307DDF-D925-4FEC-BCCD-7293567AB419}.Debug|Any CPU.Build.0 = Debug|Any CPU
		{7F307DDF-D925-4FEC-BCCD-7293567AB419}.Release|Any CPU.ActiveCfg = Release|Any CPU
		{7F307DDF-D925-4FEC-BCCD-7293567AB419}.Release|Any CPU.Build.0 = Release|Any CPU
	EndGlobalSection
	GlobalSection(SolutionProperties) = preSolution
		HideSolutionNode = FALSE
	EndGlobalSection
EndGlobal
